
Microsoft Visual Studio Solution File, Format Version 12.00
# Visual Studio Version 17
VisualStudioVersion = 17.7.34031.279
MinimumVisualStudioVersion = 10.0.40219.1
Project("{FAE04EC0-301F-11D3-BF4B-00C04F79EFBC}") = "Tehtävä 5", "Tehtävä 5.csproj", "{66AF97E7-FE8E-4462-B558-597CF9C63D68}"
EndProject
Global
	GlobalSection(SolutionConfigurationPlatforms) = preSolution
		Debug|Any CPU = Debug|Any CPU
		Release|Any CPU = Release|Any CPU
	EndGlobalSection
	GlobalSection(ProjectConfigurationPlatforms) = postSolution
		{66AF97E7-FE8E-4462-B558-597CF9C63D68}.Debug|Any CPU.ActiveCfg = Debug|Any CPU
		{66AF97E7-FE8E-4462-B558-597CF9C63D68}.Debug|Any CPU.Build.0 = Debug|Any CPU
		{66AF97E7-FE8E-4462-B558-597CF9C63D68}.Release|Any CPU.ActiveCfg = Release|Any CPU
		{66AF97E7-FE8E-4462-B558-597CF9C63D68}.Release|Any CPU.Build.0 = Release|Any CPU
	EndGlobalSection
	GlobalSection(SolutionProperties) = preSolution
		HideSolutionNode = FALSE
	EndGlobalSection
	GlobalSection(ExtensibilityGlobals) = postSolution
		SolutionGuid = {D8A37844-5D24-4954-BF21-F1304960BFDB}
	EndGlobalSection
EndGlobal
